// !$*UTF8*$!
{
	archiveVersion = 1;
	classes = {
	};
	objectVersion = 50;
	objects = {

/* Begin PBXBuildFile section */
		497FCCA425644A9700A04DA2 /* AppDelegate.swift in Sources */ = {isa = PBXBuildFile; fileRef = 497FCCA325644A9700A04DA2 /* AppDelegate.swift */; };
		497FCCA625644A9700A04DA2 /* SceneDelegate.swift in Sources */ = {isa = PBXBuildFile; fileRef = 497FCCA525644A9700A04DA2 /* SceneDelegate.swift */; };
		497FCCA825644A9700A04DA2 /* ViewController.swift in Sources */ = {isa = PBXBuildFile; fileRef = 497FCCA725644A9700A04DA2 /* ViewController.swift */; };
		497FCCAB25644A9700A04DA2 /* Main.storyboard in Resources */ = {isa = PBXBuildFile; fileRef = 497FCCA925644A9700A04DA2 /* Main.storyboard */; };
		497FCCAD25644A9B00A04DA2 /* Assets.xcassets in Resources */ = {isa = PBXBuildFile; fileRef = 497FCCAC25644A9B00A04DA2 /* Assets.xcassets */; };
		497FCCB025644A9B00A04DA2 /* LaunchScreen.storyboard in Resources */ = {isa = PBXBuildFile; fileRef = 497FCCAE25644A9B00A04DA2 /* LaunchScreen.storyboard */; };
		497FCCBB25644A9B00A04DA2 /* rxloginTests.swift in Sources */ = {isa = PBXBuildFile; fileRef = 497FCCBA25644A9B00A04DA2 /* rxloginTests.swift */; };
		497FCCC625644A9B00A04DA2 /* rxloginUITests.swift in Sources */ = {isa = PBXBuildFile; fileRef = 497FCCC525644A9B00A04DA2 /* rxloginUITests.swift */; };
/* End PBXBuildFile section */

/* Begin PBXContainerItemProxy section */
		497FCCB725644A9B00A04DA2 /* PBXContainerItemProxy */ = {
			isa = PBXContainerItemProxy;
			containerPortal = 497FCC9825644A9700A04DA2 /* Project object */;
			proxyType = 1;
			remoteGlobalIDString = 497FCC9F25644A9700A04DA2;
			remoteInfo = rxlogin;
		};
		497FCCC225644A9B00A04DA2 /* PBXContainerItemProxy */ = {
			isa = PBXContainerItemProxy;
			containerPortal = 497FCC9825644A9700A04DA2 /* Project object */;
			proxyType = 1;
			remoteGlobalIDString = 497FCC9F25644A9700A04DA2;
			remoteInfo = rxlogin;
		};
/* End PBXContainerItemProxy section */

/* Begin PBXFileReference section */
		497FCCA025644A9700A04DA2 /* rxlogin.app */ = {isa = PBXFileReference; explicitFileType = wrapper.application; includeInIndex = 0; path = rxlogin.app; sourceTree = BUILT_PRODUCTS_DIR; };
		497FCCA325644A9700A04DA2 /* AppDelegate.swift */ = {isa = PBXFileReference; lastKnownFileType = sourcecode.swift; path = AppDelegate.swift; sourceTree = "<group>"; };
		497FCCA525644A9700A04DA2 /* SceneDelegate.swift */ = {isa = PBXFileReference; lastKnownFileType = sourcecode.swift; path = SceneDelegate.swift; sourceTree = "<group>"; };
		497FCCA725644A9700A04DA2 /* ViewController.swift */ = {isa = PBXFileReference; lastKnownFileType = sourcecode.swift; path = ViewController.swift; sourceTree = "<group>"; };
		497FCCAA25644A9700A04DA2 /* Base */ = {isa = PBXFileReference; lastKnownFileType = file.storyboard; name = Base; path = Base.lproj/Main.storyboard; sourceTree = "<group>"; };
		497FCCAC25644A9B00A04DA2 /* Assets.xcassets */ = {isa = PBXFileReference; lastKnownFileType = folder.assetcatalog; path = Assets.xcassets; sourceTree = "<group>"; };
		497FCCAF25644A9B00A04DA2 /* Base */ = {isa = PBXFileReference; lastKnownFileType = file.storyboard; name = Base; path = Base.lproj/LaunchScreen.storyboard; sourceTree = "<group>"; };
		497FCCB125644A9B00A04DA2 /* Info.plist */ = {isa = PBXFileReference; lastKnownFileType = text.plist.xml; path = Info.plist; sourceTree = "<group>"; };
		497FCCB625644A9B00A04DA2 /* rxloginTests.xctest */ = {isa = PBXFileReference; explicitFileType = wrapper.cfbundle; includeInIndex = 0; path = rxloginTests.xctest; sourceTree = BUILT_PRODUCTS_DIR; };
		497FCCBA25644A9B00A04DA2 /* rxloginTests.swift */ = {isa = PBXFileReference; lastKnownFileType = sourcecode.swift; path = rxloginTests.swift; sourceTree = "<group>"; };
		497FCCBC25644A9B00A04DA2 /* Info.plist */ = {isa = PBXFileReference; lastKnownFileType = text.plist.xml; path = Info.plist; sourceTree = "<group>"; };
		497FCCC125644A9B00A04DA2 /* rxloginUITests.xctest */ = {isa = PBXFileReference; explicitFileType = wrapper.cfbundle; includeInIndex = 0; path = rxloginUITests.xctest; sourceTree = BUILT_PRODUCTS_DIR; };
		497FCCC525644A9B00A04DA2 /* rxloginUITests.swift */ = {isa = PBXFileReference; lastKnownFileType = sourcecode.swift; path = rxloginUITests.swift; sourceTree = "<group>"; };
		497FCCC725644A9B00A04DA2 /* Info.plist */ = {isa = PBXFileReference; lastKnownFileType = text.plist.xml; path = Info.plist; sourceTree = "<group>"; };
/* End PBXFileReference section */

/* Begin PBXFrameworksBuildPhase section */
		497FCC9D25644A9700A04DA2 /* Frameworks */ = {
			isa = PBXFrameworksBuildPhase;
			buildActionMask = 2147483647;
			files = (
			);
			runOnlyForDeploymentPostprocessing = 0;
		};
		497FCCB325644A9B00A04DA2 /* Frameworks */ = {
			isa = PBXFrameworksBuildPhase;
			buildActionMask = 2147483647;
			files = (
			);
			runOnlyForDeploymentPostprocessing = 0;
		};
		497FCCBE25644A9B00A04DA2 /* Frameworks */ = {
			isa = PBXFrameworksBuildPhase;
			buildActionMask = 2147483647;
			files = (
			);
			runOnlyForDeploymentPostprocessing = 0;
		};
/* End PBXFrameworksBuildPhase section */

/* Begin PBXGroup section */
		497FCC9725644A9600A04DA2 = {
			isa = PBXGroup;
			children = (
				497FCCA225644A9700A04DA2 /* rxlogin */,
				497FCCB925644A9B00A04DA2 /* rxloginTests */,
				497FCCC425644A9B00A04DA2 /* rxloginUITests */,
				497FCCA125644A9700A04DA2 /* Products */,
			);
			sourceTree = "<group>";
		};
		497FCCA125644A9700A04DA2 /* Products */ = {
			isa = PBXGroup;
			children = (
				497FCCA025644A9700A04DA2 /* rxlogin.app */,
				497FCCB625644A9B00A04DA2 /* rxloginTests.xctest */,
				497FCCC125644A9B00A04DA2 /* rxloginUITests.xctest */,
			);
			name = Products;
			sourceTree = "<group>";
		};
		497FCCA225644A9700A04DA2 /* rxlogin */ = {
			isa = PBXGroup;
			children = (
				497FCCA325644A9700A04DA2 /* AppDelegate.swift */,
				497FCCA525644A9700A04DA2 /* SceneDelegate.swift */,
				497FCCA725644A9700A04DA2 /* ViewController.swift */,
				497FCCA925644A9700A04DA2 /* Main.storyboard */,
				497FCCAC25644A9B00A04DA2 /* Assets.xcassets */,
				497FCCAE25644A9B00A04DA2 /* LaunchScreen.storyboard */,
				497FCCB125644A9B00A04DA2 /* Info.plist */,
			);
			path = rxlogin;
			sourceTree = "<group>";
		};
		497FCCB925644A9B00A04DA2 /* rxloginTests */ = {
			isa = PBXGroup;
			children = (
				497FCCBA25644A9B00A04DA2 /* rxloginTests.swift */,
				497FCCBC25644A9B00A04DA2 /* Info.plist */,
			);
			path = rxloginTests;
			sourceTree = "<group>";
		};
		497FCCC425644A9B00A04DA2 /* rxloginUITests */ = {
			isa = PBXGroup;
			children = (
				497FCCC525644A9B00A04DA2 /* rxloginUITests.swift */,
				497FCCC725644A9B00A04DA2 /* Info.plist */,
			);
			path = rxloginUITests;
			sourceTree = "<group>";
		};
/* End PBXGroup section */

/* Begin PBXNativeTarget section */
		497FCC9F25644A9700A04DA2 /* rxlogin */ = {
			isa = PBXNativeTarget;
			buildConfigurationList = 497FCCCA25644A9B00A04DA2 /* Build configuration list for PBXNativeTarget "rxlogin" */;
			buildPhases = (
				497FCC9C25644A9700A04DA2 /* Sources */,
				497FCC9D25644A9700A04DA2 /* Frameworks */,
				497FCC9E25644A9700A04DA2 /* Resources */,
			);
			buildRules = (
			);
			dependencies = (
			);
			name = rxlogin;
			productName = rxlogin;
			productReference = 497FCCA025644A9700A04DA2 /* rxlogin.app */;
			productType = "com.apple.product-type.application";
		};
		497FCCB525644A9B00A04DA2 /* rxloginTests */ = {
			isa = PBXNativeTarget;
			buildConfigurationList = 497FCCCD25644A9B00A04DA2 /* Build configuration list for PBXNativeTarget "rxloginTests" */;
			buildPhases = (
				497FCCB225644A9B00A04DA2 /* Sources */,
				497FCCB325644A9B00A04DA2 /* Frameworks */,
				497FCCB425644A9B00A04DA2 /* Resources */,
			);
			buildRules = (
			);
			dependencies = (
				497FCCB825644A9B00A04DA2 /* PBXTargetDependency */,
			);
			name = rxloginTests;
			productName = rxloginTests;
			productReference = 497FCCB625644A9B00A04DA2 /* rxloginTests.xctest */;
			productType = "com.apple.product-type.bundle.unit-test";
		};
		497FCCC025644A9B00A04DA2 /* rxloginUITests */ = {
			isa = PBXNativeTarget;
			buildConfigurationList = 497FCCD025644A9B00A04DA2 /* Build configuration list for PBXNativeTarget "rxloginUITests" */;
			buildPhases = (
				497FCCBD25644A9B00A04DA2 /* Sources */,
				497FCCBE25644A9B00A04DA2 /* Frameworks */,
				497FCCBF25644A9B00A04DA2 /* Resources */,
			);
			buildRules = (
			);
			dependencies = (
				497FCCC325644A9B00A04DA2 /* PBXTargetDependency */,
			);
			name = rxloginUITests;
			productName = rxloginUITests;
			productReference = 497FCCC125644A9B00A04DA2 /* rxloginUITests.xctest */;
			productType = "com.apple.product-type.bundle.ui-testing";
		};
/* End PBXNativeTarget section */

/* Begin PBXProject section */
		497FCC9825644A9700A04DA2 /* Project object */ = {
			isa = PBXProject;
			attributes = {
				LastSwiftUpdateCheck = 1170;
				LastUpgradeCheck = 1170;
				ORGANIZATIONNAME = "Jonatas Brisotti";
				TargetAttributes = {
					497FCC9F25644A9700A04DA2 = {
						CreatedOnToolsVersion = 11.7;
					};
					497FCCB525644A9B00A04DA2 = {
						CreatedOnToolsVersion = 11.7;
						TestTargetID = 497FCC9F25644A9700A04DA2;
					};
					497FCCC025644A9B00A04DA2 = {
						CreatedOnToolsVersion = 11.7;
						TestTargetID = 497FCC9F25644A9700A04DA2;
					};
				};
			};
			buildConfigurationList = 497FCC9B25644A9700A04DA2 /* Build configuration list for PBXProject "rxlogin" */;
			compatibilityVersion = "Xcode 9.3";
			developmentRegion = en;
			hasScannedForEncodings = 0;
			knownRegions = (
				en,
				Base,
			);
			mainGroup = 497FCC9725644A9600A04DA2;
			productRefGroup = 497FCCA125644A9700A04DA2 /* Products */;
			projectDirPath = "";
			projectRoot = "";
			targets = (
				497FCC9F25644A9700A04DA2 /* rxlogin */,
				497FCCB525644A9B00A04DA2 /* rxloginTests */,
				497FCCC025644A9B00A04DA2 /* rxloginUITests */,
			);
		};
/* End PBXProject section */

/* Begin PBXResourcesBuildPhase section */
		497FCC9E25644A9700A04DA2 /* Resources */ = {
			isa = PBXResourcesBuildPhase;
			buildActionMask = 2147483647;
			files = (
				497FCCB025644A9B00A04DA2 /* LaunchScreen.storyboard in Resources */,
				497FCCAD25644A9B00A04DA2 /* Assets.xcassets in Resources */,
				497FCCAB25644A9700A04DA2 /* Main.storyboard in Resources */,
			);
			runOnlyForDeploymentPostprocessing = 0;
		};
		497FCCB425644A9B00A04DA2 /* Resources */ = {
			isa = PBXResourcesBuildPhase;
			buildActionMask = 2147483647;
			files = (
			);
			runOnlyForDeploymentPostprocessing = 0;
		};
		497FCCBF25644A9B00A04DA2 /* Resources */ = {
			isa = PBXResourcesBuildPhase;
			buildActionMask = 2147483647;
			files = (
			);
			runOnlyForDeploymentPostprocessing = 0;
		};
/* End PBXResourcesBuildPhase section */

/* Begin PBXSourcesBuildPhase section */
		497FCC9C25644A9700A04DA2 /* Sources */ = {
			isa = PBXSourcesBuildPhase;
			buildActionMask = 2147483647;
			files = (
				497FCCA825644A9700A04DA2 /* ViewController.swift in Sources */,
				497FCCA425644A9700A04DA2 /* AppDelegate.swift in Sources */,
				497FCCA625644A9700A04DA2 /* SceneDelegate.swift in Sources */,
			);
			runOnlyForDeploymentPostprocessing = 0;
		};
		497FCCB225644A9B00A04DA2 /* Sources */ = {
			isa = PBXSourcesBuildPhase;
			buildActionMask = 2147483647;
			files = (
				497FCCBB25644A9B00A04DA2 /* rxloginTests.swift in Sources */,
			);
			runOnlyForDeploymentPostprocessing = 0;
		};
		497FCCBD25644A9B00A04DA2 /* Sources */ = {
			isa = PBXSourcesBuildPhase;
			buildActionMask = 2147483647;
			files = (
				497FCCC625644A9B00A04DA2 /* rxloginUITests.swift in Sources */,
			);
			runOnlyForDeploymentPostprocessing = 0;
		};
/* End PBXSourcesBuildPhase section */

/* Begin PBXTargetDependency section */
		497FCCB825644A9B00A04DA2 /* PBXTargetDependency */ = {
			isa = PBXTargetDependency;
			target = 497FCC9F25644A9700A04DA2 /* rxlogin */;
			targetProxy = 497FCCB725644A9B00A04DA2 /* PBXContainerItemProxy */;
		};
		497FCCC325644A9B00A04DA2 /* PBXTargetDependency */ = {
			isa = PBXTargetDependency;
			target = 497FCC9F25644A9700A04DA2 /* rxlogin */;
			targetProxy = 497FCCC225644A9B00A04DA2 /* PBXContainerItemProxy */;
		};
/* End PBXTargetDependency section */

/* Begin PBXVariantGroup section */
		497FCCA925644A9700A04DA2 /* Main.storyboard */ = {
			isa = PBXVariantGroup;
			children = (
				497FCCAA25644A9700A04DA2 /* Base */,
			);
			name = Main.storyboard;
			sourceTree = "<group>";
		};
		497FCCAE25644A9B00A04DA2 /* LaunchScreen.storyboard */ = {
			isa = PBXVariantGroup;
			children = (
				497FCCAF25644A9B00A04DA2 /* Base */,
			);
			name = LaunchScreen.storyboard;
			sourceTree = "<group>";
		};
/* End PBXVariantGroup section */

/* Begin XCBuildConfiguration section */
		497FCCC825644A9B00A04DA2 /* Debug */ = {
			isa = XCBuildConfiguration;
			buildSettings = {
				ALWAYS_SEARCH_USER_PATHS = NO;
				CLANG_ANALYZER_NONNULL = YES;
				CLANG_ANALYZER_NUMBER_OBJECT_CONVERSION = YES_AGGRESSIVE;
				CLANG_CXX_LANGUAGE_STANDARD = "gnu++14";
				CLANG_CXX_LIBRARY = "libc++";
				CLANG_ENABLE_MODULES = YES;
				CLANG_ENABLE_OBJC_ARC = YES;
				CLANG_ENABLE_OBJC_WEAK = YES;
				CLANG_WARN_BLOCK_CAPTURE_AUTORELEASING = YES;
				CLANG_WARN_BOOL_CONVERSION = YES;
				CLANG_WARN_COMMA = YES;
				CLANG_WARN_CONSTANT_CONVERSION = YES;
				CLANG_WARN_DEPRECATED_OBJC_IMPLEMENTATIONS = YES;
				CLANG_WARN_DIRECT_OBJC_ISA_USAGE = YES_ERROR;
				CLANG_WARN_DOCUMENTATION_COMMENTS = YES;
				CLANG_WARN_EMPTY_BODY = YES;
				CLANG_WARN_ENUM_CONVERSION = YES;
				CLANG_WARN_INFINITE_RECURSION = YES;
				CLANG_WARN_INT_CONVERSION = YES;
				CLANG_WARN_NON_LITERAL_NULL_CONVERSION = YES;
				CLANG_WARN_OBJC_IMPLICIT_RETAIN_SELF = YES;
				CLANG_WARN_OBJC_LITERAL_CONVERSION = YES;
				CLANG_WARN_OBJC_ROOT_CLASS = YES_ERROR;
				CLANG_WARN_RANGE_LOOP_ANALYSIS = YES;
				CLANG_WARN_STRICT_PROTOTYPES = YES;
				CLANG_WARN_SUSPICIOUS_MOVE = YES;
				CLANG_WARN_UNGUARDED_AVAILABILITY = YES_AGGRESSIVE;
				CLANG_WARN_UNREACHABLE_CODE = YES;
				CLANG_WARN__DUPLICATE_METHOD_MATCH = YES;
				COPY_PHASE_STRIP = NO;
				DEBUG_INFORMATION_FORMAT = dwarf;
				ENABLE_STRICT_OBJC_MSGSEND = YES;
				ENABLE_TESTABILITY = YES;
				GCC_C_LANGUAGE_STANDARD = gnu11;
				GCC_DYNAMIC_NO_PIC = NO;
				GCC_NO_COMMON_BLOCKS = YES;
				GCC_OPTIMIZATION_LEVEL = 0;
				GCC_PREPROCESSOR_DEFINITIONS = (
					"DEBUG=1",
					"$(inherited)",
				);
				GCC_WARN_64_TO_32_BIT_CONVERSION = YES;
				GCC_WARN_ABOUT_RETURN_TYPE = YES_ERROR;
				GCC_WARN_UNDECLARED_SELECTOR = YES;
				GCC_WARN_UNINITIALIZED_AUTOS = YES_AGGRESSIVE;
				GCC_WARN_UNUSED_FUNCTION = YES;
				GCC_WARN_UNUSED_VARIABLE = YES;
				IPHONEOS_DEPLOYMENT_TARGET = 13.7;
				MTL_ENABLE_DEBUG_INFO = INCLUDE_SOURCE;
				MTL_FAST_MATH = YES;
				ONLY_ACTIVE_ARCH = YES;
				SDKROOT = iphoneos;
				SWIFT_ACTIVE_COMPILATION_CONDITIONS = DEBUG;
				SWIFT_OPTIMIZATION_LEVEL = "-Onone";
			};
			name = Debug;
		};
		497FCCC925644A9B00A04DA2 /* Release */ = {
			isa = XCBuildConfiguration;
			buildSettings = {
				ALWAYS_SEARCH_USER_PATHS = NO;
				CLANG_ANALYZER_NONNULL = YES;
				CLANG_ANALYZER_NUMBER_OBJECT_CONVERSION = YES_AGGRESSIVE;
				CLANG_CXX_LANGUAGE_STANDARD = "gnu++14";
				CLANG_CXX_LIBRARY = "libc++";
				CLANG_ENABLE_MODULES = YES;
				CLANG_ENABLE_OBJC_ARC = YES;
				CLANG_ENABLE_OBJC_WEAK = YES;
				CLANG_WARN_BLOCK_CAPTURE_AUTORELEASING = YES;
				CLANG_WARN_BOOL_CONVERSION = YES;
				CLANG_WARN_COMMA = YES;
				CLANG_WARN_CONSTANT_CONVERSION = YES;
				CLANG_WARN_DEPRECATED_OBJC_IMPLEMENTATIONS = YES;
				CLANG_WARN_DIRECT_OBJC_ISA_USAGE = YES_ERROR;
				CLANG_WARN_DOCUMENTATION_COMMENTS = YES;
				CLANG_WARN_EMPTY_BODY = YES;
				CLANG_WARN_ENUM_CONVERSION = YES;
				CLANG_WARN_INFINITE_RECURSION = YES;
				CLANG_WARN_INT_CONVERSION = YES;
				CLANG_WARN_NON_LITERAL_NULL_CONVERSION = YES;
				CLANG_WARN_OBJC_IMPLICIT_RETAIN_SELF = YES;
				CLANG_WARN_OBJC_LITERAL_CONVERSION = YES;
				CLANG_WARN_OBJC_ROOT_CLASS = YES_ERROR;
				CLANG_WARN_RANGE_LOOP_ANALYSIS = YES;
				CLANG_WARN_STRICT_PROTOTYPES = YES;
				CLANG_WARN_SUSPICIOUS_MOVE = YES;
				CLANG_WARN_UNGUARDED_AVAILABILITY = YES_AGGRESSIVE;
				CLANG_WARN_UNREACHABLE_CODE = YES;
				CLANG_WARN__DUPLICATE_METHOD_MATCH = YES;
				COPY_PHASE_STRIP = NO;
				DEBUG_INFORMATION_FORMAT = "dwarf-with-dsym";
				ENABLE_NS_ASSERTIONS = NO;
				ENABLE_STRICT_OBJC_MSGSEND = YES;
				GCC_C_LANGUAGE_STANDARD = gnu11;
				GCC_NO_COMMON_BLOCKS = YES;
				GCC_WARN_64_TO_32_BIT_CONVERSION = YES;
				GCC_WARN_ABOUT_RETURN_TYPE = YES_ERROR;
				GCC_WARN_UNDECLARED_SELECTOR = YES;
				GCC_WARN_UNINITIALIZED_AUTOS = YES_AGGRESSIVE;
				GCC_WARN_UNUSED_FUNCTION = YES;
				GCC_WARN_UNUSED_VARIABLE = YES;
				IPHONEOS_DEPLOYMENT_TARGET = 13.7;
				MTL_ENABLE_DEBUG_INFO = NO;
				MTL_FAST_MATH = YES;
				SDKROOT = iphoneos;
				SWIFT_COMPILATION_MODE = wholemodule;
				SWIFT_OPTIMIZATION_LEVEL = "-O";
				VALIDATE_PRODUCT = YES;
			};
			name = Release;
		};
		497FCCCB25644A9B00A04DA2 /* Debug */ = {
			isa = XCBuildConfiguration;
			buildSettings = {
				ASSETCATALOG_COMPILER_APPICON_NAME = AppIcon;
				CODE_SIGN_STYLE = Automatic;
				DEVELOPMENT_TEAM = 7SM2G9P4ER;
				INFOPLIST_FILE = rxlogin/Info.plist;
				IPHONEOS_DEPLOYMENT_TARGET = 13.7;
				LD_RUNPATH_SEARCH_PATHS = (
					"$(inherited)",
					"@executable_path/Frameworks",
				);
				PRODUCT_BUNDLE_IDENTIFIER = co.jonatas..rxlogin;
				PRODUCT_NAME = "$(TARGET_NAME)";
				SWIFT_VERSION = 5.0;
				TARGETED_DEVICE_FAMILY = 1;
			};
			name = Debug;
		};
		497FCCCC25644A9B00A04DA2 /* Release */ = {
			isa = XCBuildConfiguration;
			buildSettings = {
				ASSETCATALOG_COMPILER_APPICON_NAME = AppIcon;
				CODE_SIGN_STYLE = Automatic;
				DEVELOPMENT_TEAM = 7SM2G9P4ER;
				INFOPLIST_FILE = rxlogin/Info.plist;
				IPHONEOS_DEPLOYMENT_TARGET = 13.7;
				LD_RUNPATH_SEARCH_PATHS = (
					"$(inherited)",
					"@executable_path/Frameworks",
				);
				PRODUCT_BUNDLE_IDENTIFIER = co.jonatas..rxlogin;
				PRODUCT_NAME = "$(TARGET_NAME)";
				SWIFT_VERSION = 5.0;
				TARGETED_DEVICE_FAMILY = 1;
			};
			name = Release;
		};
		497FCCCE25644A9B00A04DA2 /* Debug */ = {
			isa = XCBuildConfiguration;
			buildSettings = {
				ALWAYS_EMBED_SWIFT_STANDARD_LIBRARIES = YES;
				BUNDLE_LOADER = "$(TEST_HOST)";
				CODE_SIGN_STYLE = Automatic;
				DEVELOPMENT_TEAM = 7SM2G9P4ER;
				INFOPLIST_FILE = rxloginTests/Info.plist;
				IPHONEOS_DEPLOYMENT_TARGET = 13.7;
				LD_RUNPATH_SEARCH_PATHS = (
					"$(inherited)",
					"@executable_path/Frameworks",
					"@loader_path/Frameworks",
				);
				PRODUCT_BUNDLE_IDENTIFIER = co.jonatas..rxloginTests;
				PRODUCT_NAME = "$(TARGET_NAME)";
				SWIFT_VERSION = 5.0;
				TARGETED_DEVICE_FAMILY = "1,2";
				TEST_HOST = "$(BUILT_PRODUCTS_DIR)/rxlogin.app/rxlogin";
			};
			name = Debug;
		};
		497FCCCF25644A9B00A04DA2 /* Release */ = {
			isa = XCBuildConfiguration;
			buildSettings = {
				ALWAYS_EMBED_SWIFT_STANDARD_LIBRARIES = YES;
				BUNDLE_LOADER = "$(TEST_HOST)";
				CODE_SIGN_STYLE = Automatic;
				DEVELOPMENT_TEAM = 7SM2G9P4ER;
				INFOPLIST_FILE = rxloginTests/Info.plist;
				IPHONEOS_DEPLOYMENT_TARGET = 13.7;
				LD_RUNPATH_SEARCH_PATHS = (
					"$(inherited)",
					"@executable_path/Frameworks",
					"@loader_path/Frameworks",
				);
				PRODUCT_BUNDLE_IDENTIFIER = co.jonatas..rxloginTests;
				PRODUCT_NAME = "$(TARGET_NAME)";
				SWIFT_VERSION = 5.0;
				TARGETED_DEVICE_FAMILY = "1,2";
				TEST_HOST = "$(BUILT_PRODUCTS_DIR)/rxlogin.app/rxlogin";
			};
			name = Release;
		};
		497FCCD125644A9B00A04DA2 /* Debug */ = {
			isa = XCBuildConfiguration;
			buildSettings = {
				ALWAYS_EMBED_SWIFT_STANDARD_LIBRARIES = YES;
				CODE_SIGN_STYLE = Automatic;
				DEVELOPMENT_TEAM = 7SM2G9P4ER;
				INFOPLIST_FILE = rxloginUITests/Info.plist;
				LD_RUNPATH_SEARCH_PATHS = (
					"$(inherited)",
					"@executable_path/Frameworks",
					"@loader_path/Frameworks",
				);
				PRODUCT_BUNDLE_IDENTIFIER = co.jonatas..rxloginUITests;
				PRODUCT_NAME = "$(TARGET_NAME)";
				SWIFT_VERSION = 5.0;
				TARGETED_DEVICE_FAMILY = "1,2";
				TEST_TARGET_NAME = rxlogin;
			};
			name = Debug;
		};
		497FCCD225644A9B00A04DA2 /* Release */ = {
			isa = XCBuildConfiguration;
			buildSettings = {
				ALWAYS_EMBED_SWIFT_STANDARD_LIBRARIES = YES;
				CODE_SIGN_STYLE = Automatic;
				DEVELOPMENT_TEAM = 7SM2G9P4ER;
				INFOPLIST_FILE = rxloginUITests/Info.plist;
				LD_RUNPATH_SEARCH_PATHS = (
					"$(inherited)",
					"@executable_path/Frameworks",
					"@loader_path/Frameworks",
				);
				PRODUCT_BUNDLE_IDENTIFIER = co.jonatas..rxloginUITests;
				PRODUCT_NAME = "$(TARGET_NAME)";
				SWIFT_VERSION = 5.0;
				TARGETED_DEVICE_FAMILY = "1,2";
				TEST_TARGET_NAME = rxlogin;
			};
			name = Release;
		};
/* End XCBuildConfiguration section */

/* Begin XCConfigurationList section */
		497FCC9B25644A9700A04DA2 /* Build configuration list for PBXProject "rxlogin" */ = {
			isa = XCConfigurationList;
			buildConfigurations = (
				497FCCC825644A9B00A04DA2 /* Debug */,
				497FCCC925644A9B00A04DA2 /* Release */,
			);
			defaultConfigurationIsVisible = 0;
			defaultConfigurationName = Release;
		};
		497FCCCA25644A9B00A04DA2 /* Build configuration list for PBXNativeTarget "rxlogin" */ = {
			isa = XCConfigurationList;
			buildConfigurations = (
				497FCCCB25644A9B00A04DA2 /* Debug */,
				497FCCCC25644A9B00A04DA2 /* Release */,
			);
			defaultConfigurationIsVisible = 0;
			defaultConfigurationName = Release;
		};
		497FCCCD25644A9B00A04DA2 /* Build configuration list for PBXNativeTarget "rxloginTests" */ = {
			isa = XCConfigurationList;
			buildConfigurations = (
				497FCCCE25644A9B00A04DA2 /* Debug */,
				497FCCCF25644A9B00A04DA2 /* Release */,
			);
			defaultConfigurationIsVisible = 0;
			defaultConfigurationName = Release;
		};
		497FCCD025644A9B00A04DA2 /* Build configuration list for PBXNativeTarget "rxloginUITests" */ = {
			isa = XCConfigurationList;
			buildConfigurations = (
				497FCCD125644A9B00A04DA2 /* Debug */,
				497FCCD225644A9B00A04DA2 /* Release */,
			);
			defaultConfigurationIsVisible = 0;
			defaultConfigurationName = Release;
		};
/* End XCConfigurationList section */
	};
	rootObject = 497FCC9825644A9700A04DA2 /* Project object */;
}
